{
  "name": "tcp-proxy",
  "version": "1.0.0",
  "lockfileVersion": 1,
  "requires": true,
  "dependencies": {
    "commander": {
      "version": "2.20.3",
      "resolved": "http://npm.weimob.com:80/commander/-/commander-2.20.3.tgz",
      "integrity": "sha1-/UhehMA+tIgcIHIrpIA16FMa6zM="
    },
    "node-tcp-proxy": {
      "version": "0.0.23",
      "resolved": "http://npm.weimob.com:80/node-tcp-proxy/-/node-tcp-proxy-0.0.23.tgz",
      "integrity": "sha1-8Rn75Q/HwwcPfdva3uoN0CTgmso=",
      "requires": {
        "commander": "^2.19.0"
      }
    }
  }
}
